// !$*UTF8*$!
{
	archiveVersion = 1;
	classes = {
	};
	objectVersion = 56;
	objects = {

/* Begin PBXBuildFile section */
		20E6191829B46C900086EA24 /* main.swift in Sources */ = {isa = PBXBuildFile; fileRef = 20E6191729B46C900086EA24 /* main.swift */; };
		20E6192029B46CC50086EA24 /* RxCocoa in Frameworks */ = {isa = PBXBuildFile; productRef = 20E6191F29B46CC50086EA24 /* RxCocoa */; };
		20E6192229B46CC50086EA24 /* RxRelay in Frameworks */ = {isa = PBXBuildFile; productRef = 20E6192129B46CC50086EA24 /* RxRelay */; };
		20E6192429B46CC50086EA24 /* RxSwift in Frameworks */ = {isa = PBXBuildFile; productRef = 20E6192329B46CC50086EA24 /* RxSwift */; };
		20E6192629B46CD40086EA24 /* Utils.swift in Sources */ = {isa = PBXBuildFile; fileRef = 20E6192529B46CD40086EA24 /* Utils.swift */; };
/* End PBXBuildFile section */

/* Begin PBXCopyFilesBuildPhase section */
		20E6191229B46C900086EA24 /* CopyFiles */ = {
			isa = PBXCopyFilesBuildPhase;
			buildActionMask = 2147483647;
			dstPath = /usr/share/man/man1/;
			dstSubfolderSpec = 0;
			files = (
			);
			runOnlyForDeploymentPostprocessing = 1;
		};
/* End PBXCopyFilesBuildPhase section */

/* Begin PBXFileReference section */
		20E6191429B46C900086EA24 /* RxSwift_Scheduler */ = {isa = PBXFileReference; explicitFileType = "compiled.mach-o.executable"; includeInIndex = 0; path = RxSwift_Scheduler; sourceTree = BUILT_PRODUCTS_DIR; };
		20E6191729B46C900086EA24 /* main.swift */ = {isa = PBXFileReference; lastKnownFileType = sourcecode.swift; path = main.swift; sourceTree = "<group>"; };
		20E6192529B46CD40086EA24 /* Utils.swift */ = {isa = PBXFileReference; lastKnownFileType = sourcecode.swift; path = Utils.swift; sourceTree = "<group>"; };
/* End PBXFileReference section */

/* Begin PBXFrameworksBuildPhase section */
		20E6191129B46C900086EA24 /* Frameworks */ = {
			isa = PBXFrameworksBuildPhase;
			buildActionMask = 2147483647;
			files = (
				20E6192429B46CC50086EA24 /* RxSwift in Frameworks */,
				20E6192229B46CC50086EA24 /* RxRelay in Frameworks */,
				20E6192029B46CC50086EA24 /* RxCocoa in Frameworks */,
			);
			runOnlyForDeploymentPostprocessing = 0;
		};
/* End PBXFrameworksBuildPhase section */

/* Begin PBXGroup section */
		20E6190B29B46C900086EA24 = {
			isa = PBXGroup;
			children = (
				20E6191629B46C900086EA24 /* RxSwift_Scheduler */,
				20E6191529B46C900086EA24 /* Products */,
			);
			sourceTree = "<group>";
		};
		20E6191529B46C900086EA24 /* Products */ = {
			isa = PBXGroup;
			children = (
				20E6191429B46C900086EA24 /* RxSwift_Scheduler */,
			);
			name = Products;
			sourceTree = "<group>";
		};
		20E6191629B46C900086EA24 /* RxSwift_Scheduler */ = {
			isa = PBXGroup;
			children = (
				20E6191729B46C900086EA24 /* main.swift */,
				20E6192529B46CD40086EA24 /* Utils.swift */,
			);
			path = RxSwift_Scheduler;
			sourceTree = "<group>";
		};
/* End PBXGroup section */

/* Begin PBXNativeTarget section */
		20E6191329B46C900086EA24 /* RxSwift_Scheduler */ = {
			isa = PBXNativeTarget;
			buildConfigurationList = 20E6191B29B46C900086EA24 /* Build configuration list for PBXNativeTarget "RxSwift_Scheduler" */;
			buildPhases = (
				20E6191029B46C900086EA24 /* Sources */,
				20E6191129B46C900086EA24 /* Frameworks */,
				20E6191229B46C900086EA24 /* CopyFiles */,
			);
			buildRules = (
			);
			dependencies = (
			);
			name = RxSwift_Scheduler;
			packageProductDependencies = (
				20E6191F29B46CC50086EA24 /* RxCocoa */,
				20E6192129B46CC50086EA24 /* RxRelay */,
				20E6192329B46CC50086EA24 /* RxSwift */,
			);
			productName = RxSwift_Scheduler;
			productReference = 20E6191429B46C900086EA24 /* RxSwift_Scheduler */;
			productType = "com.apple.product-type.tool";
		};
/* End PBXNativeTarget section */

/* Begin PBXProject section */
		20E6190C29B46C900086EA24 /* Project object */ = {
			isa = PBXProject;
			attributes = {
				BuildIndependentTargetsInParallel = 1;
				LastSwiftUpdateCheck = 1410;
				LastUpgradeCheck = 1410;
				TargetAttributes = {
					20E6191329B46C900086EA24 = {
						CreatedOnToolsVersion = 14.1;
					};
				};
			};
			buildConfigurationList = 20E6190F29B46C900086EA24 /* Build configuration list for PBXProject "RxSwift_Scheduler" */;
			compatibilityVersion = "Xcode 14.0";
			developmentRegion = en;
			hasScannedForEncodings = 0;
			knownRegions = (
				en,
				Base,
			);
			mainGroup = 20E6190B29B46C900086EA24;
			packageReferences = (
				20E6191E29B46CC50086EA24 /* XCRemoteSwiftPackageReference "RxSwift" */,
			);
			productRefGroup = 20E6191529B46C900086EA24 /* Products */;
			projectDirPath = "";
			projectRoot = "";
			targets = (
				20E6191329B46C900086EA24 /* RxSwift_Scheduler */,
			);
		};
/* End PBXProject section */

/* Begin PBXSourcesBuildPhase section */
		20E6191029B46C900086EA24 /* Sources */ = {
			isa = PBXSourcesBuildPhase;
			buildActionMask = 2147483647;
			files = (
				20E6191829B46C900086EA24 /* main.swift in Sources */,
				20E6192629B46CD40086EA24 /* Utils.swift in Sources */,
			);
			runOnlyForDeploymentPostprocessing = 0;
		};
/* End PBXSourcesBuildPhase section */

/* Begin XCBuildConfiguration section */
		20E6191929B46C900086EA24 /* Debug */ = {
			isa = XCBuildConfiguration;
			buildSettings = {
				ALWAYS_SEARCH_USER_PATHS = NO;
				CLANG_ANALYZER_NONNULL = YES;
				CLANG_ANALYZER_NUMBER_OBJECT_CONVERSION = YES_AGGRESSIVE;
				CLANG_CXX_LANGUAGE_STANDARD = "gnu++20";
				CLANG_ENABLE_MODULES = YES;
				CLANG_ENABLE_OBJC_ARC = YES;
				CLANG_ENABLE_OBJC_WEAK = YES;
				CLANG_WARN_BLOCK_CAPTURE_AUTORELEASING = YES;
				CLANG_WARN_BOOL_CONVERSION = YES;
				CLANG_WARN_COMMA = YES;
				CLANG_WARN_CONSTANT_CONVERSION = YES;
				CLANG_WARN_DEPRECATED_OBJC_IMPLEMENTATIONS = YES;
				CLANG_WARN_DIRECT_OBJC_ISA_USAGE = YES_ERROR;
				CLANG_WARN_DOCUMENTATION_COMMENTS = YES;
				CLANG_WARN_EMPTY_BODY = YES;
				CLANG_WARN_ENUM_CONVERSION = YES;
				CLANG_WARN_INFINITE_RECURSION = YES;
				CLANG_WARN_INT_CONVERSION = YES;
				CLANG_WARN_NON_LITERAL_NULL_CONVERSION = YES;
				CLANG_WARN_OBJC_IMPLICIT_RETAIN_SELF = YES;
				CLANG_WARN_OBJC_LITERAL_CONVERSION = YES;
				CLANG_WARN_OBJC_ROOT_CLASS = YES_ERROR;
				CLANG_WARN_QUOTED_INCLUDE_IN_FRAMEWORK_HEADER = YES;
				CLANG_WARN_RANGE_LOOP_ANALYSIS = YES;
				CLANG_WARN_STRICT_PROTOTYPES = YES;
				CLANG_WARN_SUSPICIOUS_MOVE = YES;
				CLANG_WARN_UNGUARDED_AVAILABILITY = YES_AGGRESSIVE;
				CLANG_WARN_UNREACHABLE_CODE = YES;
				CLANG_WARN__DUPLICATE_METHOD_MATCH = YES;
				COPY_PHASE_STRIP = NO;
				DEBUG_INFORMATION_FORMAT = dwarf;
				ENABLE_STRICT_OBJC_MSGSEND = YES;
				ENABLE_TESTABILITY = YES;
				GCC_C_LANGUAGE_STANDARD = gnu11;
				GCC_DYNAMIC_NO_PIC = NO;
				GCC_NO_COMMON_BLOCKS = YES;
				GCC_OPTIMIZATION_LEVEL = 0;
				GCC_PREPROCESSOR_DEFINITIONS = (
					"DEBUG=1",
					"$(inherited)",
				);
				GCC_WARN_64_TO_32_BIT_CONVERSION = YES;
				GCC_WARN_ABOUT_RETURN_TYPE = YES_ERROR;
				GCC_WARN_UNDECLARED_SELECTOR = YES;
				GCC_WARN_UNINITIALIZED_AUTOS = YES_AGGRESSIVE;
				GCC_WARN_UNUSED_FUNCTION = YES;
				GCC_WARN_UNUSED_VARIABLE = YES;
				MACOSX_DEPLOYMENT_TARGET = 13.0;
				MTL_ENABLE_DEBUG_INFO = INCLUDE_SOURCE;
				MTL_FAST_MATH = YES;
				ONLY_ACTIVE_ARCH = YES;
				SDKROOT = macosx;
				SWIFT_ACTIVE_COMPILATION_CONDITIONS = DEBUG;
				SWIFT_OPTIMIZATION_LEVEL = "-Onone";
			};
			name = Debug;
		};
		20E6191A29B46C900086EA24 /* Release */ = {
			isa = XCBuildConfiguration;
			buildSettings = {
				ALWAYS_SEARCH_USER_PATHS = NO;
				CLANG_ANALYZER_NONNULL = YES;
				CLANG_ANALYZER_NUMBER_OBJECT_CONVERSION = YES_AGGRESSIVE;
				CLANG_CXX_LANGUAGE_STANDARD = "gnu++20";
				CLANG_ENABLE_MODULES = YES;
				CLANG_ENABLE_OBJC_ARC = YES;
				CLANG_ENABLE_OBJC_WEAK = YES;
				CLANG_WARN_BLOCK_CAPTURE_AUTORELEASING = YES;
				CLANG_WARN_BOOL_CONVERSION = YES;
				CLANG_WARN_COMMA = YES;
				CLANG_WARN_CONSTANT_CONVERSION = YES;
				CLANG_WARN_DEPRECATED_OBJC_IMPLEMENTATIONS = YES;
				CLANG_WARN_DIRECT_OBJC_ISA_USAGE = YES_ERROR;
				CLANG_WARN_DOCUMENTATION_COMMENTS = YES;
				CLANG_WARN_EMPTY_BODY = YES;
				CLANG_WARN_ENUM_CONVERSION = YES;
				CLANG_WARN_INFINITE_RECURSION = YES;
				CLANG_WARN_INT_CONVERSION = YES;
				CLANG_WARN_NON_LITERAL_NULL_CONVERSION = YES;
				CLANG_WARN_OBJC_IMPLICIT_RETAIN_SELF = YES;
				CLANG_WARN_OBJC_LITERAL_CONVERSION = YES;
				CLANG_WARN_OBJC_ROOT_CLASS = YES_ERROR;
				CLANG_WARN_QUOTED_INCLUDE_IN_FRAMEWORK_HEADER = YES;
				CLANG_WARN_RANGE_LOOP_ANALYSIS = YES;
				CLANG_WARN_STRICT_PROTOTYPES = YES;
				CLANG_WARN_SUSPICIOUS_MOVE = YES;
				CLANG_WARN_UNGUARDED_AVAILABILITY = YES_AGGRESSIVE;
				CLANG_WARN_UNREACHABLE_CODE = YES;
				CLANG_WARN__DUPLICATE_METHOD_MATCH = YES;
				COPY_PHASE_STRIP = NO;
				DEBUG_INFORMATION_FORMAT = "dwarf-with-dsym";
				ENABLE_NS_ASSERTIONS = NO;
				ENABLE_STRICT_OBJC_MSGSEND = YES;
				GCC_C_LANGUAGE_STANDARD = gnu11;
				GCC_NO_COMMON_BLOCKS = YES;
				GCC_WARN_64_TO_32_BIT_CONVERSION = YES;
				GCC_WARN_ABOUT_RETURN_TYPE = YES_ERROR;
				GCC_WARN_UNDECLARED_SELECTOR = YES;
				GCC_WARN_UNINITIALIZED_AUTOS = YES_AGGRESSIVE;
				GCC_WARN_UNUSED_FUNCTION = YES;
				GCC_WARN_UNUSED_VARIABLE = YES;
				MACOSX_DEPLOYMENT_TARGET = 13.0;
				MTL_ENABLE_DEBUG_INFO = NO;
				MTL_FAST_MATH = YES;
				SDKROOT = macosx;
				SWIFT_COMPILATION_MODE = wholemodule;
				SWIFT_OPTIMIZATION_LEVEL = "-O";
			};
			name = Release;
		};
		20E6191C29B46C900086EA24 /* Debug */ = {
			isa = XCBuildConfiguration;
			buildSettings = {
				CODE_SIGN_STYLE = Automatic;
				PRODUCT_NAME = "$(TARGET_NAME)";
				SWIFT_VERSION = 5.0;
			};
			name = Debug;
		};
		20E6191D29B46C900086EA24 /* Release */ = {
			isa = XCBuildConfiguration;
			buildSettings = {
				CODE_SIGN_STYLE = Automatic;
				PRODUCT_NAME = "$(TARGET_NAME)";
				SWIFT_VERSION = 5.0;
			};
			name = Release;
		};
/* End XCBuildConfiguration section */

/* Begin XCConfigurationList section */
		20E6190F29B46C900086EA24 /* Build configuration list for PBXProject "RxSwift_Scheduler" */ = {
			isa = XCConfigurationList;
			buildConfigurations = (
				20E6191929B46C900086EA24 /* Debug */,
				20E6191A29B46C900086EA24 /* Release */,
			);
			defaultConfigurationIsVisible = 0;
			defaultConfigurationName = Release;
		};
		20E6191B29B46C900086EA24 /* Build configuration list for PBXNativeTarget "RxSwift_Scheduler" */ = {
			isa = XCConfigurationList;
			buildConfigurations = (
				20E6191C29B46C900086EA24 /* Debug */,
				20E6191D29B46C900086EA24 /* Release */,
			);
			defaultConfigurationIsVisible = 0;
			defaultConfigurationName = Release;
		};
/* End XCConfigurationList section */

/* Begin XCRemoteSwiftPackageReference section */
		20E6191E29B46CC50086EA24 /* XCRemoteSwiftPackageReference "RxSwift" */ = {
			isa = XCRemoteSwiftPackageReference;
			repositoryURL = "https://github.com/ReactiveX/RxSwift";
			requirement = {
				branch = main;
				kind = branch;
			};
		};
/* End XCRemoteSwiftPackageReference section */

/* Begin XCSwiftPackageProductDependency section */
		20E6191F29B46CC50086EA24 /* RxCocoa */ = {
			isa = XCSwiftPackageProductDependency;
			package = 20E6191E29B46CC50086EA24 /* XCRemoteSwiftPackageReference "RxSwift" */;
			productName = RxCocoa;
		};
		20E6192129B46CC50086EA24 /* RxRelay */ = {
			isa = XCSwiftPackageProductDependency;
			package = 20E6191E29B46CC50086EA24 /* XCRemoteSwiftPackageReference "RxSwift" */;
			productName = RxRelay;
		};
		20E6192329B46CC50086EA24 /* RxSwift */ = {
			isa = XCSwiftPackageProductDependency;
			package = 20E6191E29B46CC50086EA24 /* XCRemoteSwiftPackageReference "RxSwift" */;
			productName = RxSwift;
		};
/* End XCSwiftPackageProductDependency section */
	};
	rootObject = 20E6190C29B46C900086EA24 /* Project object */;
}
