{
  "pins" : [
    {
      "identity" : "gifu",
      "kind" : "remoteSourceControl",
      "location" : "https://github.com/kaishin/Gifu.git",
      "state" : {
        "branch" : "master",
        "revision" : "82da0086dea14ca9afc9801234ad8dc4cd9e2738"
      }
    },
    {
      "identity" : "rxswift",
      "kind" : "remoteSourceControl",
      "location" : "https://github.com/ReactiveX/RxSwift",
      "state" : {
        "branch" : "main",
        "revision" : "91a36920b1ec069004fef9dc41b7c5dbcaa5fffe"
      }
    },
    {
      "identity" : "swiftyjson",
      "kind" : "remoteSourceControl",
      "location" : "https://github.com/SwiftyJSON/SwiftyJSON",
      "state" : {
        "branch" : "master",
        "revision" : "af1f7a2007d607fbe735c445f19080df4260fe8e"
      }
    }
  ],
  "version" : 2
}
