// !$*UTF8*$!
{
	archiveVersion = 1;
	classes = {
	};
	objectVersion = 56;
	objects = {

/* Begin PBXBuildFile section */
		203012FA298394E0003146CA /* AppDelegate.swift in Sources */ = {isa = PBXBuildFile; fileRef = 203012F9298394E0003146CA /* AppDelegate.swift */; };
		203012FC298394E0003146CA /* SceneDelegate.swift in Sources */ = {isa = PBXBuildFile; fileRef = 203012FB298394E0003146CA /* SceneDelegate.swift */; };
		203012FE298394E0003146CA /* ViewController.swift in Sources */ = {isa = PBXBuildFile; fileRef = 203012FD298394E0003146CA /* ViewController.swift */; };
		20301301298394E0003146CA /* Main.storyboard in Resources */ = {isa = PBXBuildFile; fileRef = 203012FF298394E0003146CA /* Main.storyboard */; };
		20301303298394E1003146CA /* Assets.xcassets in Resources */ = {isa = PBXBuildFile; fileRef = 20301302298394E1003146CA /* Assets.xcassets */; };
		20301306298394E1003146CA /* LaunchScreen.storyboard in Resources */ = {isa = PBXBuildFile; fileRef = 20301304298394E1003146CA /* LaunchScreen.storyboard */; };
		2030130F298394EF003146CA /* RxCocoa in Frameworks */ = {isa = PBXBuildFile; productRef = 2030130E298394EF003146CA /* RxCocoa */; };
		20301311298394EF003146CA /* RxRelay in Frameworks */ = {isa = PBXBuildFile; productRef = 20301310298394EF003146CA /* RxRelay */; };
		20301313298394EF003146CA /* RxSwift in Frameworks */ = {isa = PBXBuildFile; productRef = 20301312298394EF003146CA /* RxSwift */; };
/* End PBXBuildFile section */

/* Begin PBXFileReference section */
		203012F6298394E0003146CA /* RxSwift_FilteringOperators_Step1.app */ = {isa = PBXFileReference; explicitFileType = wrapper.application; includeInIndex = 0; path = RxSwift_FilteringOperators_Step1.app; sourceTree = BUILT_PRODUCTS_DIR; };
		203012F9298394E0003146CA /* AppDelegate.swift */ = {isa = PBXFileReference; lastKnownFileType = sourcecode.swift; path = AppDelegate.swift; sourceTree = "<group>"; };
		203012FB298394E0003146CA /* SceneDelegate.swift */ = {isa = PBXFileReference; lastKnownFileType = sourcecode.swift; path = SceneDelegate.swift; sourceTree = "<group>"; };
		203012FD298394E0003146CA /* ViewController.swift */ = {isa = PBXFileReference; lastKnownFileType = sourcecode.swift; path = ViewController.swift; sourceTree = "<group>"; };
		20301300298394E0003146CA /* Base */ = {isa = PBXFileReference; lastKnownFileType = file.storyboard; name = Base; path = Base.lproj/Main.storyboard; sourceTree = "<group>"; };
		20301302298394E1003146CA /* Assets.xcassets */ = {isa = PBXFileReference; lastKnownFileType = folder.assetcatalog; path = Assets.xcassets; sourceTree = "<group>"; };
		20301305298394E1003146CA /* Base */ = {isa = PBXFileReference; lastKnownFileType = file.storyboard; name = Base; path = Base.lproj/LaunchScreen.storyboard; sourceTree = "<group>"; };
		20301307298394E1003146CA /* Info.plist */ = {isa = PBXFileReference; lastKnownFileType = text.plist.xml; path = Info.plist; sourceTree = "<group>"; };
/* End PBXFileReference section */

/* Begin PBXFrameworksBuildPhase section */
		203012F3298394E0003146CA /* Frameworks */ = {
			isa = PBXFrameworksBuildPhase;
			buildActionMask = 2147483647;
			files = (
				20301313298394EF003146CA /* RxSwift in Frameworks */,
				20301311298394EF003146CA /* RxRelay in Frameworks */,
				2030130F298394EF003146CA /* RxCocoa in Frameworks */,
			);
			runOnlyForDeploymentPostprocessing = 0;
		};
/* End PBXFrameworksBuildPhase section */

/* Begin PBXGroup section */
		203012ED298394E0003146CA = {
			isa = PBXGroup;
			children = (
				203012F8298394E0003146CA /* RxSwift_FilteringOperators_Step1 */,
				203012F7298394E0003146CA /* Products */,
			);
			sourceTree = "<group>";
		};
		203012F7298394E0003146CA /* Products */ = {
			isa = PBXGroup;
			children = (
				203012F6298394E0003146CA /* RxSwift_FilteringOperators_Step1.app */,
			);
			name = Products;
			sourceTree = "<group>";
		};
		203012F8298394E0003146CA /* RxSwift_FilteringOperators_Step1 */ = {
			isa = PBXGroup;
			children = (
				203012F9298394E0003146CA /* AppDelegate.swift */,
				203012FB298394E0003146CA /* SceneDelegate.swift */,
				203012FD298394E0003146CA /* ViewController.swift */,
				203012FF298394E0003146CA /* Main.storyboard */,
				20301302298394E1003146CA /* Assets.xcassets */,
				20301304298394E1003146CA /* LaunchScreen.storyboard */,
				20301307298394E1003146CA /* Info.plist */,
			);
			path = RxSwift_FilteringOperators_Step1;
			sourceTree = "<group>";
		};
/* End PBXGroup section */

/* Begin PBXNativeTarget section */
		203012F5298394E0003146CA /* RxSwift_FilteringOperators_Step1 */ = {
			isa = PBXNativeTarget;
			buildConfigurationList = 2030130A298394E1003146CA /* Build configuration list for PBXNativeTarget "RxSwift_FilteringOperators_Step1" */;
			buildPhases = (
				203012F2298394E0003146CA /* Sources */,
				203012F3298394E0003146CA /* Frameworks */,
				203012F4298394E0003146CA /* Resources */,
			);
			buildRules = (
			);
			dependencies = (
			);
			name = RxSwift_FilteringOperators_Step1;
			packageProductDependencies = (
				2030130E298394EF003146CA /* RxCocoa */,
				20301310298394EF003146CA /* RxRelay */,
				20301312298394EF003146CA /* RxSwift */,
			);
			productName = RxSwift_FilteringOperators_Step1;
			productReference = 203012F6298394E0003146CA /* RxSwift_FilteringOperators_Step1.app */;
			productType = "com.apple.product-type.application";
		};
/* End PBXNativeTarget section */

/* Begin PBXProject section */
		203012EE298394E0003146CA /* Project object */ = {
			isa = PBXProject;
			attributes = {
				BuildIndependentTargetsInParallel = 1;
				LastSwiftUpdateCheck = 1420;
				LastUpgradeCheck = 1420;
				TargetAttributes = {
					203012F5298394E0003146CA = {
						CreatedOnToolsVersion = 14.2;
					};
				};
			};
			buildConfigurationList = 203012F1298394E0003146CA /* Build configuration list for PBXProject "RxSwift_FilteringOperators_Step1" */;
			compatibilityVersion = "Xcode 14.0";
			developmentRegion = en;
			hasScannedForEncodings = 0;
			knownRegions = (
				en,
				Base,
			);
			mainGroup = 203012ED298394E0003146CA;
			packageReferences = (
				2030130D298394EF003146CA /* XCRemoteSwiftPackageReference "RxSwift" */,
			);
			productRefGroup = 203012F7298394E0003146CA /* Products */;
			projectDirPath = "";
			projectRoot = "";
			targets = (
				203012F5298394E0003146CA /* RxSwift_FilteringOperators_Step1 */,
			);
		};
/* End PBXProject section */

/* Begin PBXResourcesBuildPhase section */
		203012F4298394E0003146CA /* Resources */ = {
			isa = PBXResourcesBuildPhase;
			buildActionMask = 2147483647;
			files = (
				20301306298394E1003146CA /* LaunchScreen.storyboard in Resources */,
				20301303298394E1003146CA /* Assets.xcassets in Resources */,
				20301301298394E0003146CA /* Main.storyboard in Resources */,
			);
			runOnlyForDeploymentPostprocessing = 0;
		};
/* End PBXResourcesBuildPhase section */

/* Begin PBXSourcesBuildPhase section */
		203012F2298394E0003146CA /* Sources */ = {
			isa = PBXSourcesBuildPhase;
			buildActionMask = 2147483647;
			files = (
				203012FE298394E0003146CA /* ViewController.swift in Sources */,
				203012FA298394E0003146CA /* AppDelegate.swift in Sources */,
				203012FC298394E0003146CA /* SceneDelegate.swift in Sources */,
			);
			runOnlyForDeploymentPostprocessing = 0;
		};
/* End PBXSourcesBuildPhase section */

/* Begin PBXVariantGroup section */
		203012FF298394E0003146CA /* Main.storyboard */ = {
			isa = PBXVariantGroup;
			children = (
				20301300298394E0003146CA /* Base */,
			);
			name = Main.storyboard;
			sourceTree = "<group>";
		};
		20301304298394E1003146CA /* LaunchScreen.storyboard */ = {
			isa = PBXVariantGroup;
			children = (
				20301305298394E1003146CA /* Base */,
			);
			name = LaunchScreen.storyboard;
			sourceTree = "<group>";
		};
/* End PBXVariantGroup section */

/* Begin XCBuildConfiguration section */
		20301308298394E1003146CA /* Debug */ = {
			isa = XCBuildConfiguration;
			buildSettings = {
				ALWAYS_SEARCH_USER_PATHS = NO;
				CLANG_ANALYZER_NONNULL = YES;
				CLANG_ANALYZER_NUMBER_OBJECT_CONVERSION = YES_AGGRESSIVE;
				CLANG_CXX_LANGUAGE_STANDARD = "gnu++20";
				CLANG_ENABLE_MODULES = YES;
				CLANG_ENABLE_OBJC_ARC = YES;
				CLANG_ENABLE_OBJC_WEAK = YES;
				CLANG_WARN_BLOCK_CAPTURE_AUTORELEASING = YES;
				CLANG_WARN_BOOL_CONVERSION = YES;
				CLANG_WARN_COMMA = YES;
				CLANG_WARN_CONSTANT_CONVERSION = YES;
				CLANG_WARN_DEPRECATED_OBJC_IMPLEMENTATIONS = YES;
				CLANG_WARN_DIRECT_OBJC_ISA_USAGE = YES_ERROR;
				CLANG_WARN_DOCUMENTATION_COMMENTS = YES;
				CLANG_WARN_EMPTY_BODY = YES;
				CLANG_WARN_ENUM_CONVERSION = YES;
				CLANG_WARN_INFINITE_RECURSION = YES;
				CLANG_WARN_INT_CONVERSION = YES;
				CLANG_WARN_NON_LITERAL_NULL_CONVERSION = YES;
				CLANG_WARN_OBJC_IMPLICIT_RETAIN_SELF = YES;
				CLANG_WARN_OBJC_LITERAL_CONVERSION = YES;
				CLANG_WARN_OBJC_ROOT_CLASS = YES_ERROR;
				CLANG_WARN_QUOTED_INCLUDE_IN_FRAMEWORK_HEADER = YES;
				CLANG_WARN_RANGE_LOOP_ANALYSIS = YES;
				CLANG_WARN_STRICT_PROTOTYPES = YES;
				CLANG_WARN_SUSPICIOUS_MOVE = YES;
				CLANG_WARN_UNGUARDED_AVAILABILITY = YES_AGGRESSIVE;
				CLANG_WARN_UNREACHABLE_CODE = YES;
				CLANG_WARN__DUPLICATE_METHOD_MATCH = YES;
				COPY_PHASE_STRIP = NO;
				DEBUG_INFORMATION_FORMAT = dwarf;
				ENABLE_STRICT_OBJC_MSGSEND = YES;
				ENABLE_TESTABILITY = YES;
				GCC_C_LANGUAGE_STANDARD = gnu11;
				GCC_DYNAMIC_NO_PIC = NO;
				GCC_NO_COMMON_BLOCKS = YES;
				GCC_OPTIMIZATION_LEVEL = 0;
				GCC_PREPROCESSOR_DEFINITIONS = (
					"DEBUG=1",
					"$(inherited)",
				);
				GCC_WARN_64_TO_32_BIT_CONVERSION = YES;
				GCC_WARN_ABOUT_RETURN_TYPE = YES_ERROR;
				GCC_WARN_UNDECLARED_SELECTOR = YES;
				GCC_WARN_UNINITIALIZED_AUTOS = YES_AGGRESSIVE;
				GCC_WARN_UNUSED_FUNCTION = YES;
				GCC_WARN_UNUSED_VARIABLE = YES;
				IPHONEOS_DEPLOYMENT_TARGET = 16.2;
				MTL_ENABLE_DEBUG_INFO = INCLUDE_SOURCE;
				MTL_FAST_MATH = YES;
				ONLY_ACTIVE_ARCH = YES;
				SDKROOT = iphoneos;
				SWIFT_ACTIVE_COMPILATION_CONDITIONS = DEBUG;
				SWIFT_OPTIMIZATION_LEVEL = "-Onone";
			};
			name = Debug;
		};
		20301309298394E1003146CA /* Release */ = {
			isa = XCBuildConfiguration;
			buildSettings = {
				ALWAYS_SEARCH_USER_PATHS = NO;
				CLANG_ANALYZER_NONNULL = YES;
				CLANG_ANALYZER_NUMBER_OBJECT_CONVERSION = YES_AGGRESSIVE;
				CLANG_CXX_LANGUAGE_STANDARD = "gnu++20";
				CLANG_ENABLE_MODULES = YES;
				CLANG_ENABLE_OBJC_ARC = YES;
				CLANG_ENABLE_OBJC_WEAK = YES;
				CLANG_WARN_BLOCK_CAPTURE_AUTORELEASING = YES;
				CLANG_WARN_BOOL_CONVERSION = YES;
				CLANG_WARN_COMMA = YES;
				CLANG_WARN_CONSTANT_CONVERSION = YES;
				CLANG_WARN_DEPRECATED_OBJC_IMPLEMENTATIONS = YES;
				CLANG_WARN_DIRECT_OBJC_ISA_USAGE = YES_ERROR;
				CLANG_WARN_DOCUMENTATION_COMMENTS = YES;
				CLANG_WARN_EMPTY_BODY = YES;
				CLANG_WARN_ENUM_CONVERSION = YES;
				CLANG_WARN_INFINITE_RECURSION = YES;
				CLANG_WARN_INT_CONVERSION = YES;
				CLANG_WARN_NON_LITERAL_NULL_CONVERSION = YES;
				CLANG_WARN_OBJC_IMPLICIT_RETAIN_SELF = YES;
				CLANG_WARN_OBJC_LITERAL_CONVERSION = YES;
				CLANG_WARN_OBJC_ROOT_CLASS = YES_ERROR;
				CLANG_WARN_QUOTED_INCLUDE_IN_FRAMEWORK_HEADER = YES;
				CLANG_WARN_RANGE_LOOP_ANALYSIS = YES;
				CLANG_WARN_STRICT_PROTOTYPES = YES;
				CLANG_WARN_SUSPICIOUS_MOVE = YES;
				CLANG_WARN_UNGUARDED_AVAILABILITY = YES_AGGRESSIVE;
				CLANG_WARN_UNREACHABLE_CODE = YES;
				CLANG_WARN__DUPLICATE_METHOD_MATCH = YES;
				COPY_PHASE_STRIP = NO;
				DEBUG_INFORMATION_FORMAT = "dwarf-with-dsym";
				ENABLE_NS_ASSERTIONS = NO;
				ENABLE_STRICT_OBJC_MSGSEND = YES;
				GCC_C_LANGUAGE_STANDARD = gnu11;
				GCC_NO_COMMON_BLOCKS = YES;
				GCC_WARN_64_TO_32_BIT_CONVERSION = YES;
				GCC_WARN_ABOUT_RETURN_TYPE = YES_ERROR;
				GCC_WARN_UNDECLARED_SELECTOR = YES;
				GCC_WARN_UNINITIALIZED_AUTOS = YES_AGGRESSIVE;
				GCC_WARN_UNUSED_FUNCTION = YES;
				GCC_WARN_UNUSED_VARIABLE = YES;
				IPHONEOS_DEPLOYMENT_TARGET = 16.2;
				MTL_ENABLE_DEBUG_INFO = NO;
				MTL_FAST_MATH = YES;
				SDKROOT = iphoneos;
				SWIFT_COMPILATION_MODE = wholemodule;
				SWIFT_OPTIMIZATION_LEVEL = "-O";
				VALIDATE_PRODUCT = YES;
			};
			name = Release;
		};
		2030130B298394E1003146CA /* Debug */ = {
			isa = XCBuildConfiguration;
			buildSettings = {
				ASSETCATALOG_COMPILER_APPICON_NAME = AppIcon;
				ASSETCATALOG_COMPILER_GLOBAL_ACCENT_COLOR_NAME = AccentColor;
				CODE_SIGN_STYLE = Automatic;
				CURRENT_PROJECT_VERSION = 1;
				GENERATE_INFOPLIST_FILE = YES;
				INFOPLIST_FILE = RxSwift_FilteringOperators_Step1/Info.plist;
				INFOPLIST_KEY_UIApplicationSupportsIndirectInputEvents = YES;
				INFOPLIST_KEY_UILaunchStoryboardName = LaunchScreen;
				INFOPLIST_KEY_UIMainStoryboardFile = Main;
				INFOPLIST_KEY_UISupportedInterfaceOrientations_iPad = "UIInterfaceOrientationPortrait UIInterfaceOrientationPortraitUpsideDown UIInterfaceOrientationLandscapeLeft UIInterfaceOrientationLandscapeRight";
				INFOPLIST_KEY_UISupportedInterfaceOrientations_iPhone = "UIInterfaceOrientationPortrait UIInterfaceOrientationLandscapeLeft UIInterfaceOrientationLandscapeRight";
				LD_RUNPATH_SEARCH_PATHS = (
					"$(inherited)",
					"@executable_path/Frameworks",
				);
				MARKETING_VERSION = 1.0;
				PRODUCT_BUNDLE_IDENTIFIER = "kr.minsu.RxSwift-FilteringOperators-Step1";
				PRODUCT_NAME = "$(TARGET_NAME)";
				SWIFT_EMIT_LOC_STRINGS = YES;
				SWIFT_VERSION = 5.0;
				TARGETED_DEVICE_FAMILY = "1,2";
			};
			name = Debug;
		};
		2030130C298394E1003146CA /* Release */ = {
			isa = XCBuildConfiguration;
			buildSettings = {
				ASSETCATALOG_COMPILER_APPICON_NAME = AppIcon;
				ASSETCATALOG_COMPILER_GLOBAL_ACCENT_COLOR_NAME = AccentColor;
				CODE_SIGN_STYLE = Automatic;
				CURRENT_PROJECT_VERSION = 1;
				GENERATE_INFOPLIST_FILE = YES;
				INFOPLIST_FILE = RxSwift_FilteringOperators_Step1/Info.plist;
				INFOPLIST_KEY_UIApplicationSupportsIndirectInputEvents = YES;
				INFOPLIST_KEY_UILaunchStoryboardName = LaunchScreen;
				INFOPLIST_KEY_UIMainStoryboardFile = Main;
				INFOPLIST_KEY_UISupportedInterfaceOrientations_iPad = "UIInterfaceOrientationPortrait UIInterfaceOrientationPortraitUpsideDown UIInterfaceOrientationLandscapeLeft UIInterfaceOrientationLandscapeRight";
				INFOPLIST_KEY_UISupportedInterfaceOrientations_iPhone = "UIInterfaceOrientationPortrait UIInterfaceOrientationLandscapeLeft UIInterfaceOrientationLandscapeRight";
				LD_RUNPATH_SEARCH_PATHS = (
					"$(inherited)",
					"@executable_path/Frameworks",
				);
				MARKETING_VERSION = 1.0;
				PRODUCT_BUNDLE_IDENTIFIER = "kr.minsu.RxSwift-FilteringOperators-Step1";
				PRODUCT_NAME = "$(TARGET_NAME)";
				SWIFT_EMIT_LOC_STRINGS = YES;
				SWIFT_VERSION = 5.0;
				TARGETED_DEVICE_FAMILY = "1,2";
			};
			name = Release;
		};
/* End XCBuildConfiguration section */

/* Begin XCConfigurationList section */
		203012F1298394E0003146CA /* Build configuration list for PBXProject "RxSwift_FilteringOperators_Step1" */ = {
			isa = XCConfigurationList;
			buildConfigurations = (
				20301308298394E1003146CA /* Debug */,
				20301309298394E1003146CA /* Release */,
			);
			defaultConfigurationIsVisible = 0;
			defaultConfigurationName = Release;
		};
		2030130A298394E1003146CA /* Build configuration list for PBXNativeTarget "RxSwift_FilteringOperators_Step1" */ = {
			isa = XCConfigurationList;
			buildConfigurations = (
				2030130B298394E1003146CA /* Debug */,
				2030130C298394E1003146CA /* Release */,
			);
			defaultConfigurationIsVisible = 0;
			defaultConfigurationName = Release;
		};
/* End XCConfigurationList section */

/* Begin XCRemoteSwiftPackageReference section */
		2030130D298394EF003146CA /* XCRemoteSwiftPackageReference "RxSwift" */ = {
			isa = XCRemoteSwiftPackageReference;
			repositoryURL = "https://github.com/ReactiveX/RxSwift";
			requirement = {
				branch = main;
				kind = branch;
			};
		};
/* End XCRemoteSwiftPackageReference section */

/* Begin XCSwiftPackageProductDependency section */
		2030130E298394EF003146CA /* RxCocoa */ = {
			isa = XCSwiftPackageProductDependency;
			package = 2030130D298394EF003146CA /* XCRemoteSwiftPackageReference "RxSwift" */;
			productName = RxCocoa;
		};
		20301310298394EF003146CA /* RxRelay */ = {
			isa = XCSwiftPackageProductDependency;
			package = 2030130D298394EF003146CA /* XCRemoteSwiftPackageReference "RxSwift" */;
			productName = RxRelay;
		};
		20301312298394EF003146CA /* RxSwift */ = {
			isa = XCSwiftPackageProductDependency;
			package = 2030130D298394EF003146CA /* XCRemoteSwiftPackageReference "RxSwift" */;
			productName = RxSwift;
		};
/* End XCSwiftPackageProductDependency section */
	};
	rootObject = 203012EE298394E0003146CA /* Project object */;
}
